// !$*UTF8*$!
{
	archiveVersion = 1;
	classes = {
	};
	objectVersion = 55;
	objects = {

/* Begin PBXBuildFile section */
		7EB65995274FAC7600DAE6DE /* ArticleDetailsViewController.swift in Sources */ = {isa = PBXBuildFile; fileRef = 7EB65994274FAC7600DAE6DE /* ArticleDetailsViewController.swift */; };
		7EB65997274FDECC00DAE6DE /* TopHeadlineViewController.swift in Sources */ = {isa = PBXBuildFile; fileRef = 7EB65996274FDECC00DAE6DE /* TopHeadlineViewController.swift */; };
		7EB659A2274FEC2700DAE6DE /* TopNewsPapperModel.swift in Sources */ = {isa = PBXBuildFile; fileRef = 7EB659A1274FEC2700DAE6DE /* TopNewsPapperModel.swift */; };
		7EB659A5274FEFEC00DAE6DE /* TopNewsPappersTableViewCell.swift in Sources */ = {isa = PBXBuildFile; fileRef = 7EB659A3274FEFEC00DAE6DE /* TopNewsPappersTableViewCell.swift */; };
		7EB659A6274FEFEC00DAE6DE /* TopNewsPappersTableViewCell.xib in Resources */ = {isa = PBXBuildFile; fileRef = 7EB659A4274FEFEC00DAE6DE /* TopNewsPappersTableViewCell.xib */; };
		7EF6CC3B274E37F0003B3AF3 /* AppDelegate.swift in Sources */ = {isa = PBXBuildFile; fileRef = 7EF6CC3A274E37F0003B3AF3 /* AppDelegate.swift */; };
		7EF6CC3D274E37F0003B3AF3 /* SceneDelegate.swift in Sources */ = {isa = PBXBuildFile; fileRef = 7EF6CC3C274E37F0003B3AF3 /* SceneDelegate.swift */; };
		7EF6CC42274E37F0003B3AF3 /* Main.storyboard in Resources */ = {isa = PBXBuildFile; fileRef = 7EF6CC40274E37F0003B3AF3 /* Main.storyboard */; };
		7EF6CC44274E37F3003B3AF3 /* Assets.xcassets in Resources */ = {isa = PBXBuildFile; fileRef = 7EF6CC43274E37F3003B3AF3 /* Assets.xcassets */; };
		7EF6CC47274E37F3003B3AF3 /* LaunchScreen.storyboard in Resources */ = {isa = PBXBuildFile; fileRef = 7EF6CC45274E37F3003B3AF3 /* LaunchScreen.storyboard */; };
		7EF6CC4F274E3AE7003B3AF3 /* NewsViewController.swift in Sources */ = {isa = PBXBuildFile; fileRef = 7EF6CC4E274E3AE7003B3AF3 /* NewsViewController.swift */; };
		7EF6CC53274E3C54003B3AF3 /* iCarousel.m in Sources */ = {isa = PBXBuildFile; fileRef = 7EF6CC51274E3C54003B3AF3 /* iCarousel.m */; };
		7EF6CC56274E4AF7003B3AF3 /* NewsModel.swift in Sources */ = {isa = PBXBuildFile; fileRef = 7EF6CC55274E4AF7003B3AF3 /* NewsModel.swift */; };
		7EF6CC58274E6ACC003B3AF3 /* UIImageViewExtension.swift in Sources */ = {isa = PBXBuildFile; fileRef = 7EF6CC57274E6ACC003B3AF3 /* UIImageViewExtension.swift */; };
		7EF6CC5A274E6C79003B3AF3 /* Typealias.swift in Sources */ = {isa = PBXBuildFile; fileRef = 7EF6CC59274E6C79003B3AF3 /* Typealias.swift */; };
		7EF6CC5E274E755F003B3AF3 /* NewsTableViewCell.swift in Sources */ = {isa = PBXBuildFile; fileRef = 7EF6CC5C274E755F003B3AF3 /* NewsTableViewCell.swift */; };
		7EF6CC5F274E755F003B3AF3 /* NewsTableViewCell.xib in Resources */ = {isa = PBXBuildFile; fileRef = 7EF6CC5D274E755F003B3AF3 /* NewsTableViewCell.xib */; };
		7EF6CC61274E9EE2003B3AF3 /* SearchViewController.swift in Sources */ = {isa = PBXBuildFile; fileRef = 7EF6CC60274E9EE2003B3AF3 /* SearchViewController.swift */; };
		E16090157C1F10C9597AF316 /* Pods_NewsApp.framework in Frameworks */ = {isa = PBXBuildFile; fileRef = 2171F8518E74BB7D285ACA48 /* Pods_NewsApp.framework */; };
/* End PBXBuildFile section */

/* Begin PBXFileReference section */
		2171F8518E74BB7D285ACA48 /* Pods_NewsApp.framework */ = {isa = PBXFileReference; explicitFileType = wrapper.framework; includeInIndex = 0; path = Pods_NewsApp.framework; sourceTree = BUILT_PRODUCTS_DIR; };
		52410F8846BA607385C08872 /* Pods-NewsApp.release.xcconfig */ = {isa = PBXFileReference; includeInIndex = 1; lastKnownFileType = text.xcconfig; name = "Pods-NewsApp.release.xcconfig"; path = "Target Support Files/Pods-NewsApp/Pods-NewsApp.release.xcconfig"; sourceTree = "<group>"; };
		7EB65994274FAC7600DAE6DE /* ArticleDetailsViewController.swift */ = {isa = PBXFileReference; lastKnownFileType = sourcecode.swift; path = ArticleDetailsViewController.swift; sourceTree = "<group>"; };
		7EB65996274FDECC00DAE6DE /* TopHeadlineViewController.swift */ = {isa = PBXFileReference; lastKnownFileType = sourcecode.swift; path = TopHeadlineViewController.swift; sourceTree = "<group>"; };
		7EB659A1274FEC2700DAE6DE /* TopNewsPapperModel.swift */ = {isa = PBXFileReference; lastKnownFileType = sourcecode.swift; path = TopNewsPapperModel.swift; sourceTree = "<group>"; };
		7EB659A3274FEFEC00DAE6DE /* TopNewsPappersTableViewCell.swift */ = {isa = PBXFileReference; lastKnownFileType = sourcecode.swift; path = TopNewsPappersTableViewCell.swift; sourceTree = "<group>"; };
		7EB659A4274FEFEC00DAE6DE /* TopNewsPappersTableViewCell.xib */ = {isa = PBXFileReference; lastKnownFileType = file.xib; path = TopNewsPappersTableViewCell.xib; sourceTree = "<group>"; };
		7EF6CC37274E37F0003B3AF3 /* NewsApp.app */ = {isa = PBXFileReference; explicitFileType = wrapper.application; includeInIndex = 0; path = NewsApp.app; sourceTree = BUILT_PRODUCTS_DIR; };
		7EF6CC3A274E37F0003B3AF3 /* AppDelegate.swift */ = {isa = PBXFileReference; lastKnownFileType = sourcecode.swift; path = AppDelegate.swift; sourceTree = "<group>"; };
		7EF6CC3C274E37F0003B3AF3 /* SceneDelegate.swift */ = {isa = PBXFileReference; lastKnownFileType = sourcecode.swift; path = SceneDelegate.swift; sourceTree = "<group>"; };
		7EF6CC41274E37F0003B3AF3 /* Base */ = {isa = PBXFileReference; lastKnownFileType = file.storyboard; name = Base; path = Base.lproj/Main.storyboard; sourceTree = "<group>"; };
		7EF6CC43274E37F3003B3AF3 /* Assets.xcassets */ = {isa = PBXFileReference; lastKnownFileType = folder.assetcatalog; path = Assets.xcassets; sourceTree = "<group>"; };
		7EF6CC46274E37F3003B3AF3 /* Base */ = {isa = PBXFileReference; lastKnownFileType = file.storyboard; name = Base; path = Base.lproj/LaunchScreen.storyboard; sourceTree = "<group>"; };
		7EF6CC48274E37F3003B3AF3 /* Info.plist */ = {isa = PBXFileReference; lastKnownFileType = text.plist.xml; path = Info.plist; sourceTree = "<group>"; };
		7EF6CC4E274E3AE7003B3AF3 /* NewsViewController.swift */ = {isa = PBXFileReference; lastKnownFileType = sourcecode.swift; path = NewsViewController.swift; sourceTree = "<group>"; };
		7EF6CC50274E3C53003B3AF3 /* NewsApp-Bridging-Header.h */ = {isa = PBXFileReference; lastKnownFileType = sourcecode.c.h; path = "NewsApp-Bridging-Header.h"; sourceTree = "<group>"; };
		7EF6CC51274E3C54003B3AF3 /* iCarousel.m */ = {isa = PBXFileReference; fileEncoding = 4; lastKnownFileType = sourcecode.c.objc; path = iCarousel.m; sourceTree = "<group>"; };
		7EF6CC52274E3C54003B3AF3 /* iCarousel.h */ = {isa = PBXFileReference; fileEncoding = 4; lastKnownFileType = sourcecode.c.h; path = iCarousel.h; sourceTree = "<group>"; };
		7EF6CC55274E4AF7003B3AF3 /* NewsModel.swift */ = {isa = PBXFileReference; lastKnownFileType = sourcecode.swift; path = NewsModel.swift; sourceTree = "<group>"; };
		7EF6CC57274E6ACC003B3AF3 /* UIImageViewExtension.swift */ = {isa = PBXFileReference; lastKnownFileType = sourcecode.swift; path = UIImageViewExtension.swift; sourceTree = "<group>"; };
		7EF6CC59274E6C79003B3AF3 /* Typealias.swift */ = {isa = PBXFileReference; lastKnownFileType = sourcecode.swift; path = Typealias.swift; sourceTree = "<group>"; };
		7EF6CC5C274E755F003B3AF3 /* NewsTableViewCell.swift */ = {isa = PBXFileReference; lastKnownFileType = sourcecode.swift; path = NewsTableViewCell.swift; sourceTree = "<group>"; };
		7EF6CC5D274E755F003B3AF3 /* NewsTableViewCell.xib */ = {isa = PBXFileReference; lastKnownFileType = file.xib; path = NewsTableViewCell.xib; sourceTree = "<group>"; };
		7EF6CC60274E9EE2003B3AF3 /* SearchViewController.swift */ = {isa = PBXFileReference; lastKnownFileType = sourcecode.swift; path = SearchViewController.swift; sourceTree = "<group>"; };
		CFEC93D5B52B27DDE1B46068 /* Pods-NewsApp.debug.xcconfig */ = {isa = PBXFileReference; includeInIndex = 1; lastKnownFileType = text.xcconfig; name = "Pods-NewsApp.debug.xcconfig"; path = "Target Support Files/Pods-NewsApp/Pods-NewsApp.debug.xcconfig"; sourceTree = "<group>"; };
/* End PBXFileReference section */

/* Begin PBXFrameworksBuildPhase section */
		7EF6CC34274E37F0003B3AF3 /* Frameworks */ = {
			isa = PBXFrameworksBuildPhase;
			buildActionMask = 2147483647;
			files = (
				E16090157C1F10C9597AF316 /* Pods_NewsApp.framework in Frameworks */,
			);
			runOnlyForDeploymentPostprocessing = 0;
		};
/* End PBXFrameworksBuildPhase section */

/* Begin PBXGroup section */
		301EE444C5F9B2B670FF5DDB /* Frameworks */ = {
			isa = PBXGroup;
			children = (
				2171F8518E74BB7D285ACA48 /* Pods_NewsApp.framework */,
			);
			name = Frameworks;
			sourceTree = "<group>";
		};
		7EB65998274FDF3900DAE6DE /* Cell */ = {
			isa = PBXGroup;
			children = (
				7EF6CC5C274E755F003B3AF3 /* NewsTableViewCell.swift */,
				7EF6CC5D274E755F003B3AF3 /* NewsTableViewCell.xib */,
				7EB659A3274FEFEC00DAE6DE /* TopNewsPappersTableViewCell.swift */,
				7EB659A4274FEFEC00DAE6DE /* TopNewsPappersTableViewCell.xib */,
			);
			path = Cell;
			sourceTree = "<group>";
		};
		7EF6CC2E274E37EF003B3AF3 = {
			isa = PBXGroup;
			children = (
				7EF6CC39274E37F0003B3AF3 /* NewsApp */,
				7EF6CC40274E37F0003B3AF3 /* Main.storyboard */,
				7EF6CC38274E37F0003B3AF3 /* Products */,
				AD9E5572CA48FD923A85F75D /* Pods */,
				301EE444C5F9B2B670FF5DDB /* Frameworks */,
			);
			sourceTree = "<group>";
		};
		7EF6CC38274E37F0003B3AF3 /* Products */ = {
			isa = PBXGroup;
			children = (
				7EF6CC37274E37F0003B3AF3 /* NewsApp.app */,
			);
			name = Products;
			sourceTree = "<group>";
		};
		7EF6CC39274E37F0003B3AF3 /* NewsApp */ = {
			isa = PBXGroup;
			children = (
				7EF6CC52274E3C54003B3AF3 /* iCarousel.h */,
				7EF6CC51274E3C54003B3AF3 /* iCarousel.m */,
				7EF6CC3A274E37F0003B3AF3 /* AppDelegate.swift */,
				7EF6CC3C274E37F0003B3AF3 /* SceneDelegate.swift */,
				7EF6CC43274E37F3003B3AF3 /* Assets.xcassets */,
				7EF6CC45274E37F3003B3AF3 /* LaunchScreen.storyboard */,
				7EF6CC48274E37F3003B3AF3 /* Info.plist */,
				7EF6CC5B274E74C6003B3AF3 /* Model */,
				7EB65998274FDF3900DAE6DE /* Cell */,
				7EF6CC54274E3D2C003B3AF3 /* Controllers */,
				7EF6CC50274E3C53003B3AF3 /* NewsApp-Bridging-Header.h */,
				7EF6CC57274E6ACC003B3AF3 /* UIImageViewExtension.swift */,
				7EF6CC59274E6C79003B3AF3 /* Typealias.swift */,
			);
			path = NewsApp;
			sourceTree = "<group>";
		};
		7EF6CC54274E3D2C003B3AF3 /* Controllers */ = {
			isa = PBXGroup;
			children = (
				7EF6CC4E274E3AE7003B3AF3 /* NewsViewController.swift */,
				7EF6CC60274E9EE2003B3AF3 /* SearchViewController.swift */,
				7EB65994274FAC7600DAE6DE /* ArticleDetailsViewController.swift */,
				7EB65996274FDECC00DAE6DE /* TopHeadlineViewController.swift */,
			);
			path = Controllers;
			sourceTree = "<group>";
		};
		7EF6CC5B274E74C6003B3AF3 /* Model */ = {
			isa = PBXGroup;
			children = (
				7EF6CC55274E4AF7003B3AF3 /* NewsModel.swift */,
				7EB659A1274FEC2700DAE6DE /* TopNewsPapperModel.swift */,
			);
			path = Model;
			sourceTree = "<group>";
		};
		AD9E5572CA48FD923A85F75D /* Pods */ = {
			isa = PBXGroup;
			children = (
				CFEC93D5B52B27DDE1B46068 /* Pods-NewsApp.debug.xcconfig */,
				52410F8846BA607385C08872 /* Pods-NewsApp.release.xcconfig */,
			);
			path = Pods;
			sourceTree = "<group>";
		};
/* End PBXGroup section */

/* Begin PBXNativeTarget section */
		7EF6CC36274E37F0003B3AF3 /* NewsApp */ = {
			isa = PBXNativeTarget;
			buildConfigurationList = 7EF6CC4B274E37F3003B3AF3 /* Build configuration list for PBXNativeTarget "NewsApp" */;
			buildPhases = (
				DF586CC2D5CADC4C64C31472 /* [CP] Check Pods Manifest.lock */,
				7EF6CC33274E37F0003B3AF3 /* Sources */,
				7EF6CC34274E37F0003B3AF3 /* Frameworks */,
				7EF6CC35274E37F0003B3AF3 /* Resources */,
				BBB1D5BBD1995D39236149C3 /* [CP] Embed Pods Frameworks */,
			);
			buildRules = (
			);
			dependencies = (
			);
			name = NewsApp;
			productName = NewsApp;
			productReference = 7EF6CC37274E37F0003B3AF3 /* NewsApp.app */;
			productType = "com.apple.product-type.application";
		};
/* End PBXNativeTarget section */

/* Begin PBXProject section */
		7EF6CC2F274E37EF003B3AF3 /* Project object */ = {
			isa = PBXProject;
			attributes = {
				BuildIndependentTargetsInParallel = 1;
				LastSwiftUpdateCheck = 1300;
				LastUpgradeCheck = 1300;
				TargetAttributes = {
					7EF6CC36274E37F0003B3AF3 = {
						CreatedOnToolsVersion = 13.0;
						LastSwiftMigration = 1300;
					};
				};
			};
			buildConfigurationList = 7EF6CC32274E37EF003B3AF3 /* Build configuration list for PBXProject "NewsApp" */;
			compatibilityVersion = "Xcode 13.0";
			developmentRegion = en;
			hasScannedForEncodings = 0;
			knownRegions = (
				en,
				Base,
			);
			mainGroup = 7EF6CC2E274E37EF003B3AF3;
			productRefGroup = 7EF6CC38274E37F0003B3AF3 /* Products */;
			projectDirPath = "";
			projectRoot = "";
			targets = (
				7EF6CC36274E37F0003B3AF3 /* NewsApp */,
			);
		};
/* End PBXProject section */

/* Begin PBXResourcesBuildPhase section */
		7EF6CC35274E37F0003B3AF3 /* Resources */ = {
			isa = PBXResourcesBuildPhase;
			buildActionMask = 2147483647;
			files = (
				7EF6CC47274E37F3003B3AF3 /* LaunchScreen.storyboard in Resources */,
				7EF6CC44274E37F3003B3AF3 /* Assets.xcassets in Resources */,
				7EF6CC5F274E755F003B3AF3 /* NewsTableViewCell.xib in Resources */,
				7EB659A6274FEFEC00DAE6DE /* TopNewsPappersTableViewCell.xib in Resources */,
				7EF6CC42274E37F0003B3AF3 /* Main.storyboard in Resources */,
			);
			runOnlyForDeploymentPostprocessing = 0;
		};
/* End PBXResourcesBuildPhase section */

/* Begin PBXShellScriptBuildPhase section */
		BBB1D5BBD1995D39236149C3 /* [CP] Embed Pods Frameworks */ = {
			isa = PBXShellScriptBuildPhase;
			buildActionMask = 2147483647;
			files = (
			);
			inputFileListPaths = (
				"${PODS_ROOT}/Target Support Files/Pods-NewsApp/Pods-NewsApp-frameworks-${CONFIGURATION}-input-files.xcfilelist",
			);
			name = "[CP] Embed Pods Frameworks";
			outputFileListPaths = (
				"${PODS_ROOT}/Target Support Files/Pods-NewsApp/Pods-NewsApp-frameworks-${CONFIGURATION}-output-files.xcfilelist",
			);
			runOnlyForDeploymentPostprocessing = 0;
			shellPath = /bin/sh;
			shellScript = "\"${PODS_ROOT}/Target Support Files/Pods-NewsApp/Pods-NewsApp-frameworks.sh\"\n";
			showEnvVarsInLog = 0;
		};
		DF586CC2D5CADC4C64C31472 /* [CP] Check Pods Manifest.lock */ = {
			isa = PBXShellScriptBuildPhase;
			buildActionMask = 2147483647;
			files = (
			);
			inputFileListPaths = (
			);
			inputPaths = (
				"${PODS_PODFILE_DIR_PATH}/Podfile.lock",
				"${PODS_ROOT}/Manifest.lock",
			);
			name = "[CP] Check Pods Manifest.lock";
			outputFileListPaths = (
			);
			outputPaths = (
				"$(DERIVED_FILE_DIR)/Pods-NewsApp-checkManifestLockResult.txt",
			);
			runOnlyForDeploymentPostprocessing = 0;
			shellPath = /bin/sh;
			shellScript = "diff \"${PODS_PODFILE_DIR_PATH}/Podfile.lock\" \"${PODS_ROOT}/Manifest.lock\" > /dev/null\nif [ $? != 0 ] ; then\n    # print error to STDERR\n    echo \"error: The sandbox is not in sync with the Podfile.lock. Run 'pod install' or update your CocoaPods installation.\" >&2\n    exit 1\nfi\n# This output is used by Xcode 'outputs' to avoid re-running this script phase.\necho \"SUCCESS\" > \"${SCRIPT_OUTPUT_FILE_0}\"\n";
			showEnvVarsInLog = 0;
		};
/* End PBXShellScriptBuildPhase section */

/* Begin PBXSourcesBuildPhase section */
		7EF6CC33274E37F0003B3AF3 /* Sources */ = {
			isa = PBXSourcesBuildPhase;
			buildActionMask = 2147483647;
			files = (
				7EF6CC4F274E3AE7003B3AF3 /* NewsViewController.swift in Sources */,
				7EF6CC53274E3C54003B3AF3 /* iCarousel.m in Sources */,
				7EF6CC5E274E755F003B3AF3 /* NewsTableViewCell.swift in Sources */,
				7EB65995274FAC7600DAE6DE /* ArticleDetailsViewController.swift in Sources */,
				7EB659A5274FEFEC00DAE6DE /* TopNewsPappersTableViewCell.swift in Sources */,
				7EF6CC61274E9EE2003B3AF3 /* SearchViewController.swift in Sources */,
				7EF6CC58274E6ACC003B3AF3 /* UIImageViewExtension.swift in Sources */,
				7EF6CC3B274E37F0003B3AF3 /* AppDelegate.swift in Sources */,
				7EB659A2274FEC2700DAE6DE /* TopNewsPapperModel.swift in Sources */,
				7EF6CC3D274E37F0003B3AF3 /* SceneDelegate.swift in Sources */,
				7EF6CC56274E4AF7003B3AF3 /* NewsModel.swift in Sources */,
				7EB65997274FDECC00DAE6DE /* TopHeadlineViewController.swift in Sources */,
				7EF6CC5A274E6C79003B3AF3 /* Typealias.swift in Sources */,
			);
			runOnlyForDeploymentPostprocessing = 0;
		};
/* End PBXSourcesBuildPhase section */

/* Begin PBXVariantGroup section */
		7EF6CC40274E37F0003B3AF3 /* Main.storyboard */ = {
			isa = PBXVariantGroup;
			children = (
				7EF6CC41274E37F0003B3AF3 /* Base */,
			);
			name = Main.storyboard;
			sourceTree = "<group>";
		};
		7EF6CC45274E37F3003B3AF3 /* LaunchScreen.storyboard */ = {
			isa = PBXVariantGroup;
			children = (
				7EF6CC46274E37F3003B3AF3 /* Base */,
			);
			name = LaunchScreen.storyboard;
			sourceTree = "<group>";
		};
/* End PBXVariantGroup section */

/* Begin XCBuildConfiguration section */
		7EF6CC49274E37F3003B3AF3 /* Debug */ = {
			isa = XCBuildConfiguration;
			buildSettings = {
				ALWAYS_SEARCH_USER_PATHS = NO;
				CLANG_ANALYZER_NONNULL = YES;
				CLANG_ANALYZER_NUMBER_OBJECT_CONVERSION = YES_AGGRESSIVE;
				CLANG_CXX_LANGUAGE_STANDARD = "gnu++17";
				CLANG_CXX_LIBRARY = "libc++";
				CLANG_ENABLE_MODULES = YES;
				CLANG_ENABLE_OBJC_ARC = YES;
				CLANG_ENABLE_OBJC_WEAK = YES;
				CLANG_WARN_BLOCK_CAPTURE_AUTORELEASING = YES;
				CLANG_WARN_BOOL_CONVERSION = YES;
				CLANG_WARN_COMMA = YES;
				CLANG_WARN_CONSTANT_CONVERSION = YES;
				CLANG_WARN_DEPRECATED_OBJC_IMPLEMENTATIONS = YES;
				CLANG_WARN_DIRECT_OBJC_ISA_USAGE = YES_ERROR;
				CLANG_WARN_DOCUMENTATION_COMMENTS = YES;
				CLANG_WARN_EMPTY_BODY = YES;
				CLANG_WARN_ENUM_CONVERSION = YES;
				CLANG_WARN_INFINITE_RECURSION = YES;
				CLANG_WARN_INT_CONVERSION = YES;
				CLANG_WARN_NON_LITERAL_NULL_CONVERSION = YES;
				CLANG_WARN_OBJC_IMPLICIT_RETAIN_SELF = YES;
				CLANG_WARN_OBJC_LITERAL_CONVERSION = YES;
				CLANG_WARN_OBJC_ROOT_CLASS = YES_ERROR;
				CLANG_WARN_QUOTED_INCLUDE_IN_FRAMEWORK_HEADER = YES;
				CLANG_WARN_RANGE_LOOP_ANALYSIS = YES;
				CLANG_WARN_STRICT_PROTOTYPES = YES;
				CLANG_WARN_SUSPICIOUS_MOVE = YES;
				CLANG_WARN_UNGUARDED_AVAILABILITY = YES_AGGRESSIVE;
				CLANG_WARN_UNREACHABLE_CODE = YES;
				CLANG_WARN__DUPLICATE_METHOD_MATCH = YES;
				COPY_PHASE_STRIP = NO;
				DEBUG_INFORMATION_FORMAT = dwarf;
				ENABLE_STRICT_OBJC_MSGSEND = YES;
				ENABLE_TESTABILITY = YES;
				GCC_C_LANGUAGE_STANDARD = gnu11;
				GCC_DYNAMIC_NO_PIC = NO;
				GCC_NO_COMMON_BLOCKS = YES;
				GCC_OPTIMIZATION_LEVEL = 0;
				GCC_PREPROCESSOR_DEFINITIONS = (
					"DEBUG=1",
					"$(inherited)",
				);
				GCC_WARN_64_TO_32_BIT_CONVERSION = YES;
				GCC_WARN_ABOUT_RETURN_TYPE = YES_ERROR;
				GCC_WARN_UNDECLARED_SELECTOR = YES;
				GCC_WARN_UNINITIALIZED_AUTOS = YES_AGGRESSIVE;
				GCC_WARN_UNUSED_FUNCTION = YES;
				GCC_WARN_UNUSED_VARIABLE = YES;
				IPHONEOS_DEPLOYMENT_TARGET = 15.0;
				MTL_ENABLE_DEBUG_INFO = INCLUDE_SOURCE;
				MTL_FAST_MATH = YES;
				ONLY_ACTIVE_ARCH = YES;
				SDKROOT = iphoneos;
				SWIFT_ACTIVE_COMPILATION_CONDITIONS = DEBUG;
				SWIFT_OPTIMIZATION_LEVEL = "-Onone";
			};
			name = Debug;
		};
		7EF6CC4A274E37F3003B3AF3 /* Release */ = {
			isa = XCBuildConfiguration;
			buildSettings = {
				ALWAYS_SEARCH_USER_PATHS = NO;
				CLANG_ANALYZER_NONNULL = YES;
				CLANG_ANALYZER_NUMBER_OBJECT_CONVERSION = YES_AGGRESSIVE;
				CLANG_CXX_LANGUAGE_STANDARD = "gnu++17";
				CLANG_CXX_LIBRARY = "libc++";
				CLANG_ENABLE_MODULES = YES;
				CLANG_ENABLE_OBJC_ARC = YES;
				CLANG_ENABLE_OBJC_WEAK = YES;
				CLANG_WARN_BLOCK_CAPTURE_AUTORELEASING = YES;
				CLANG_WARN_BOOL_CONVERSION = YES;
				CLANG_WARN_COMMA = YES;
				CLANG_WARN_CONSTANT_CONVERSION = YES;
				CLANG_WARN_DEPRECATED_OBJC_IMPLEMENTATIONS = YES;
				CLANG_WARN_DIRECT_OBJC_ISA_USAGE = YES_ERROR;
				CLANG_WARN_DOCUMENTATION_COMMENTS = YES;
				CLANG_WARN_EMPTY_BODY = YES;
				CLANG_WARN_ENUM_CONVERSION = YES;
				CLANG_WARN_INFINITE_RECURSION = YES;
				CLANG_WARN_INT_CONVERSION = YES;
				CLANG_WARN_NON_LITERAL_NULL_CONVERSION = YES;
				CLANG_WARN_OBJC_IMPLICIT_RETAIN_SELF = YES;
				CLANG_WARN_OBJC_LITERAL_CONVERSION = YES;
				CLANG_WARN_OBJC_ROOT_CLASS = YES_ERROR;
				CLANG_WARN_QUOTED_INCLUDE_IN_FRAMEWORK_HEADER = YES;
				CLANG_WARN_RANGE_LOOP_ANALYSIS = YES;
				CLANG_WARN_STRICT_PROTOTYPES = YES;
				CLANG_WARN_SUSPICIOUS_MOVE = YES;
				CLANG_WARN_UNGUARDED_AVAILABILITY = YES_AGGRESSIVE;
				CLANG_WARN_UNREACHABLE_CODE = YES;
				CLANG_WARN__DUPLICATE_METHOD_MATCH = YES;
				COPY_PHASE_STRIP = NO;
				DEBUG_INFORMATION_FORMAT = "dwarf-with-dsym";
				ENABLE_NS_ASSERTIONS = NO;
				ENABLE_STRICT_OBJC_MSGSEND = YES;
				GCC_C_LANGUAGE_STANDARD = gnu11;
				GCC_NO_COMMON_BLOCKS = YES;
				GCC_WARN_64_TO_32_BIT_CONVERSION = YES;
				GCC_WARN_ABOUT_RETURN_TYPE = YES_ERROR;
				GCC_WARN_UNDECLARED_SELECTOR = YES;
				GCC_WARN_UNINITIALIZED_AUTOS = YES_AGGRESSIVE;
				GCC_WARN_UNUSED_FUNCTION = YES;
				GCC_WARN_UNUSED_VARIABLE = YES;
				IPHONEOS_DEPLOYMENT_TARGET = 15.0;
				MTL_ENABLE_DEBUG_INFO = NO;
				MTL_FAST_MATH = YES;
				SDKROOT = iphoneos;
				SWIFT_COMPILATION_MODE = wholemodule;
				SWIFT_OPTIMIZATION_LEVEL = "-O";
				VALIDATE_PRODUCT = YES;
			};
			name = Release;
		};
		7EF6CC4C274E37F3003B3AF3 /* Debug */ = {
			isa = XCBuildConfiguration;
			baseConfigurationReference = CFEC93D5B52B27DDE1B46068 /* Pods-NewsApp.debug.xcconfig */;
			buildSettings = {
				ASSETCATALOG_COMPILER_APPICON_NAME = AppIcon;
				ASSETCATALOG_COMPILER_GLOBAL_ACCENT_COLOR_NAME = AccentColor;
				CLANG_ENABLE_MODULES = YES;
				CODE_SIGN_STYLE = Automatic;
				CURRENT_PROJECT_VERSION = 1;
				GENERATE_INFOPLIST_FILE = YES;
				INFOPLIST_FILE = NewsApp/Info.plist;
				INFOPLIST_KEY_UIApplicationSupportsIndirectInputEvents = YES;
				INFOPLIST_KEY_UILaunchStoryboardName = LaunchScreen;
				INFOPLIST_KEY_UIMainStoryboardFile = Main;
				INFOPLIST_KEY_UISupportedInterfaceOrientations_iPad = "UIInterfaceOrientationPortrait UIInterfaceOrientationPortraitUpsideDown UIInterfaceOrientationLandscapeLeft UIInterfaceOrientationLandscapeRight";
				INFOPLIST_KEY_UISupportedInterfaceOrientations_iPhone = "UIInterfaceOrientationPortrait UIInterfaceOrientationLandscapeLeft UIInterfaceOrientationLandscapeRight";
				LD_RUNPATH_SEARCH_PATHS = (
					"$(inherited)",
					"@executable_path/Frameworks",
				);
				MARKETING_VERSION = 1.0;
				PRODUCT_BUNDLE_IDENTIFIER = com.IdealCocaj.NewsApp;
				PRODUCT_NAME = "$(TARGET_NAME)";
				SWIFT_EMIT_LOC_STRINGS = YES;
				SWIFT_OBJC_BRIDGING_HEADER = "NewsApp/NewsApp-Bridging-Header.h";
				SWIFT_OPTIMIZATION_LEVEL = "-Onone";
				SWIFT_VERSION = 5.0;
				TARGETED_DEVICE_FAMILY = "1,2";
			};
			name = Debug;
		};
		7EF6CC4D274E37F3003B3AF3 /* Release */ = {
			isa = XCBuildConfiguration;
			baseConfigurationReference = 52410F8846BA607385C08872 /* Pods-NewsApp.release.xcconfig */;
			buildSettings = {
				ASSETCATALOG_COMPILER_APPICON_NAME = AppIcon;
				ASSETCATALOG_COMPILER_GLOBAL_ACCENT_COLOR_NAME = AccentColor;
				CLANG_ENABLE_MODULES = YES;
				CODE_SIGN_STYLE = Automatic;
				CURRENT_PROJECT_VERSION = 1;
				GENERATE_INFOPLIST_FILE = YES;
				INFOPLIST_FILE = NewsApp/Info.plist;
				INFOPLIST_KEY_UIApplicationSupportsIndirectInputEvents = YES;
				INFOPLIST_KEY_UILaunchStoryboardName = LaunchScreen;
				INFOPLIST_KEY_UIMainStoryboardFile = Main;
				INFOPLIST_KEY_UISupportedInterfaceOrientations_iPad = "UIInterfaceOrientationPortrait UIInterfaceOrientationPortraitUpsideDown UIInterfaceOrientationLandscapeLeft UIInterfaceOrientationLandscapeRight";
				INFOPLIST_KEY_UISupportedInterfaceOrientations_iPhone = "UIInterfaceOrientationPortrait UIInterfaceOrientationLandscapeLeft UIInterfaceOrientationLandscapeRight";
				LD_RUNPATH_SEARCH_PATHS = (
					"$(inherited)",
					"@executable_path/Frameworks",
				);
				MARKETING_VERSION = 1.0;
				PRODUCT_BUNDLE_IDENTIFIER = com.IdealCocaj.NewsApp;
				PRODUCT_NAME = "$(TARGET_NAME)";
				SWIFT_EMIT_LOC_STRINGS = YES;
				SWIFT_OBJC_BRIDGING_HEADER = "NewsApp/NewsApp-Bridging-Header.h";
				SWIFT_VERSION = 5.0;
				TARGETED_DEVICE_FAMILY = "1,2";
			};
			name = Release;
		};
/* End XCBuildConfiguration section */

/* Begin XCConfigurationList section */
		7EF6CC32274E37EF003B3AF3 /* Build configuration list for PBXProject "NewsApp" */ = {
			isa = XCConfigurationList;
			buildConfigurations = (
				7EF6CC49274E37F3003B3AF3 /* Debug */,
				7EF6CC4A274E37F3003B3AF3 /* Release */,
			);
			defaultConfigurationIsVisible = 0;
			defaultConfigurationName = Release;
		};
		7EF6CC4B274E37F3003B3AF3 /* Build configuration list for PBXNativeTarget "NewsApp" */ = {
			isa = XCConfigurationList;
			buildConfigurations = (
				7EF6CC4C274E37F3003B3AF3 /* Debug */,
				7EF6CC4D274E37F3003B3AF3 /* Release */,
			);
			defaultConfigurationIsVisible = 0;
			defaultConfigurationName = Release;
		};
/* End XCConfigurationList section */
	};
	rootObject = 7EF6CC2F274E37EF003B3AF3 /* Project object */;
}
